{
    "_readme": [
        "This file locks the dependencies of your project to a known state",
        "Read more about it at https://getcomposer.org/doc/01-basic-usage.md#composer-lock-the-lock-file",
        "This file is @generated automatically"
    ],
    "hash": "1f603a5d73503a3db6496300d4efdca8",
    "content-hash": "5b003914896cc9d117423a0d065c3030",
    "packages": [
        {
            "name": "stefangabos/zebra_image",
            "version": "2.2.7",
            "source": {
                "type": "git",
                "url": "https://github.com/stefangabos/Zebra_Image.git",
                "reference": "d2123c46422acadca782091adbf579d2ed82aaaf"
            },
            "dist": {
                "type": "zip",
                "url": "https://api.github.com/repos/stefangabos/Zebra_Image/zipball/d2123c46422acadca782091adbf579d2ed82aaaf",
                "reference": "d2123c46422acadca782091adbf579d2ed82aaaf",
                "shasum": ""
            },
            "require": {
                "php": ">=5.0.0"
            },
            "type": "library",
            "autoload": {
                "classmap": [
                    "Zebra_Image.php"
                ]
            },
            "notification-url": "https://packagist.org/downloads/",
            "license": [
                "LGPL-3.0"
            ],
            "authors": [
                {
                    "name": "Stefan Gabos",
                    "email": "contact@stefangabos.ro",
                    "homepage": "https://github.com/stefangabos/",
                    "role": "Developer"
                }
            ],
            "description": "A compact (one-file only), lightweight, image manipulation PHP library",
            "homepage": "https://github.com/stefangabos/Zebra_Image/",
            "keywords": [
                "crop",
                "filters",
                "gd",
                "image",
                "php",
                "resize",
                "thumbnail"
            ],
            "time": "2017-08-21 15:16:07"
        }
    ],
    "packages-dev": [],
    "aliases": [],
    "minimum-stability": "stable",
    "stability-flags": [],
    "prefer-stable": false,
    "prefer-lowest": false,
    "platform": [],
    "platform-dev": []
}
