lockfileVersion: '9.0'

settings:
  autoInstallPeers: true
  excludeLinksFromLockfile: false

importers:

  .:
    dependencies:
      cropperjs:
        specifier: 2.1.1
        version: 2.1.1

packages:

  '@cropper/element-canvas@2.1.1':
    resolution: {integrity: sha512-QHiHnPHsykkc4salOiCLOIKWPK3sLQ1SzpJYFE/yQPvqTPu6ERZNcxVwB1x7WhNN+SdP0S0CEHPYIkgIfUo7VA==}

  '@cropper/element-crosshair@2.1.1':
    resolution: {integrity: sha512-DtZnOiY2RZSizDZzMUvya3wZ55YnWclf3hmIrLW6jdcFlQkYEbX6bkOyOJzQmEX0yIbmwMkXfFcMkEZ9dE1rJQ==}

  '@cropper/element-grid@2.1.1':
    resolution: {integrity: sha512-MZdPBh5QMU10T78nqG+5cK+gq4DHoWZvdOo+/wZ9/z3VH0u21sROeHOCnf0QAdxguPHSSFsPjzARK+ffS4Loog==}

  '@cropper/element-handle@2.1.1':
    resolution: {integrity: sha512-TmSSphyMr2NEA0DqUTf9PCN8kcpzM0BxreOMyzbfuq1NUUePV1LxYgSOUT7dftMjZnTcu8cHQeFYa69U2BZnBA==}

  '@cropper/element-image@2.1.1':
    resolution: {integrity: sha512-cldzN3hVJo0Luui+FDSIkmbQtwIjxWiTcTMLCMSi3hqIq6lc7YOBz+rC5R8AYnYV7YvsWonE6PrJZS+iZpBkdQ==}

  '@cropper/element-selection@2.1.1':
    resolution: {integrity: sha512-QtMYhcuR+8JG3QEv8iSRCfQEVYljor61vLPrnGCFIkDJhvcyEWDx4H/Kfn6Jrdo90PyXf2VbpTG7TgH8i/EZFg==}

  '@cropper/element-shade@2.1.1':
    resolution: {integrity: sha512-MhJVc3jC87TjQu4EfBnNFddL3LxvA+Wzjy1Qhyi0wNdeTAzs97uYJ3KwGVtvzPYP/4JaSU4JDpw+BfIdUqR0bg==}

  '@cropper/element-viewer@2.1.1':
    resolution: {integrity: sha512-RpXTGW/rTtJVNd3/R3imdCBJzyZRhA/OeWNo7RID4qW7UYEiL6Lwh7Six3QhFIci/IaUAyL9NAAN10av2YWqog==}

  '@cropper/element@2.1.1':
    resolution: {integrity: sha512-pthgIQq3PFAFRGUts96yrMgmMY/4rS/zKEq/Vvw7L0Ur09MgzrUg15z4k96K53bJ8XvNeXdQ0qIDw90gh4Xcug==}

  '@cropper/elements@2.1.1':
    resolution: {integrity: sha512-cHShk4l6iExM4S6B1xx7+09gtDs+kdxWqe7Yv6DEbAyWhxVIVJyJAPpKlzLfA5MYnlSnkvCvY66hLLQPwooRMQ==}

  '@cropper/utils@2.1.1':
    resolution: {integrity: sha512-0eQs08WyQUNFMfU3ieE091dEQkrW0YdgZ3n6Thnk1EUQv45ypfiL+MevHwr7UzNnUlqUYR2FNSCgE6qBxK0sFw==}

  cropperjs@2.1.1:
    resolution: {integrity: sha512-FDJMarkY+/SepYarPZsvkG2LmI2PElecciMFnvBiBIoKnFYua/scprC5qejCLLyuX2jEqJRS2njbAsHxfjtIXA==}

snapshots:

  '@cropper/element-canvas@2.1.1':
    dependencies:
      '@cropper/element': 2.1.1
      '@cropper/utils': 2.1.1

  '@cropper/element-crosshair@2.1.1':
    dependencies:
      '@cropper/element': 2.1.1
      '@cropper/utils': 2.1.1

  '@cropper/element-grid@2.1.1':
    dependencies:
      '@cropper/element': 2.1.1
      '@cropper/utils': 2.1.1

  '@cropper/element-handle@2.1.1':
    dependencies:
      '@cropper/element': 2.1.1
      '@cropper/utils': 2.1.1

  '@cropper/element-image@2.1.1':
    dependencies:
      '@cropper/element': 2.1.1
      '@cropper/element-canvas': 2.1.1
      '@cropper/utils': 2.1.1

  '@cropper/element-selection@2.1.1':
    dependencies:
      '@cropper/element': 2.1.1
      '@cropper/element-canvas': 2.1.1
      '@cropper/element-image': 2.1.1
      '@cropper/utils': 2.1.1

  '@cropper/element-shade@2.1.1':
    dependencies:
      '@cropper/element': 2.1.1
      '@cropper/element-canvas': 2.1.1
      '@cropper/element-selection': 2.1.1
      '@cropper/utils': 2.1.1

  '@cropper/element-viewer@2.1.1':
    dependencies:
      '@cropper/element': 2.1.1
      '@cropper/element-canvas': 2.1.1
      '@cropper/element-image': 2.1.1
      '@cropper/element-selection': 2.1.1
      '@cropper/utils': 2.1.1

  '@cropper/element@2.1.1':
    dependencies:
      '@cropper/utils': 2.1.1

  '@cropper/elements@2.1.1':
    dependencies:
      '@cropper/element': 2.1.1
      '@cropper/element-canvas': 2.1.1
      '@cropper/element-crosshair': 2.1.1
      '@cropper/element-grid': 2.1.1
      '@cropper/element-handle': 2.1.1
      '@cropper/element-image': 2.1.1
      '@cropper/element-selection': 2.1.1
      '@cropper/element-shade': 2.1.1
      '@cropper/element-viewer': 2.1.1

  '@cropper/utils@2.1.1': {}

  cropperjs@2.1.1:
    dependencies:
      '@cropper/elements': 2.1.1
      '@cropper/utils': 2.1.1
